
Microsoft Visual Studio Solution File, Format Version 12.00
# Visual Studio Version 17
VisualStudioVersion = 17.11.35327.3
MinimumVisualStudioVersion = 10.0.40219.1
Project("{FAE04EC0-301F-11D3-BF4B-00C04F79EFBC}") = "GUI", "GUI\GUI.csproj", "{CE9EE9D7-C546-4ADA-A31F-98819BC760EA}"
EndProject
Project("{FAE04EC0-301F-11D3-BF4B-00C04F79EFBC}") = "BE", "BE\BE.csproj", "{3D4AD3F9-14D9-4226-9EAF-7A90B6E0BB8B}"
EndProject
Project("{FAE04EC0-301F-11D3-BF4B-00C04F79EFBC}") = "BLL", "BLL\BLL.csproj", "{2023276D-35AC-4087-BD01-BEB958BC6A5F}"
EndProject
Project("{FAE04EC0-301F-11D3-BF4B-00C04F79EFBC}") = "Mapper", "Mapper\Mapper.csproj", "{E2235FDB-A6F4-4556-A029-F30A90F393F5}"
EndProject
Project("{FAE04EC0-301F-11D3-BF4B-00C04F79EFBC}") = "Interfaz", "Interfaz\Interfaz.csproj", "{A17C5609-006A-49CF-BCE7-A5493D083473}"
EndProject
Project("{FAE04EC0-301F-11D3-BF4B-00C04F79EFBC}") = "DAL", "DAL\DAL.csproj", "{E0A67AB3-2B88-4F79-A343-B5D858199B32}"
EndProject
Global
	GlobalSection(SolutionConfigurationPlatforms) = preSolution
		Debug|Any CPU = Debug|Any CPU
		Release|Any CPU = Release|Any CPU
	EndGlobalSection
	GlobalSection(ProjectConfigurationPlatforms) = postSolution
		{CE9EE9D7-C546-4ADA-A31F-98819BC760EA}.Debug|Any CPU.ActiveCfg = Debug|Any CPU
		{CE9EE9D7-C546-4ADA-A31F-98819BC760EA}.Debug|Any CPU.Build.0 = Debug|Any CPU
		{CE9EE9D7-C546-4ADA-A31F-98819BC760EA}.Release|Any CPU.ActiveCfg = Release|Any CPU
		{CE9EE9D7-C546-4ADA-A31F-98819BC760EA}.Release|Any CPU.Build.0 = Release|Any CPU
		{3D4AD3F9-14D9-4226-9EAF-7A90B6E0BB8B}.Debug|Any CPU.ActiveCfg = Debug|Any CPU
		{3D4AD3F9-14D9-4226-9EAF-7A90B6E0BB8B}.Debug|Any CPU.Build.0 = Debug|Any CPU
		{3D4AD3F9-14D9-4226-9EAF-7A90B6E0BB8B}.Release|Any CPU.ActiveCfg = Release|Any CPU
		{3D4AD3F9-14D9-4226-9EAF-7A90B6E0BB8B}.Release|Any CPU.Build.0 = Release|Any CPU
		{2023276D-35AC-4087-BD01-BEB958BC6A5F}.Debug|Any CPU.ActiveCfg = Debug|Any CPU
		{2023276D-35AC-4087-BD01-BEB958BC6A5F}.Debug|Any CPU.Build.0 = Debug|Any CPU
		{2023276D-35AC-4087-BD01-BEB958BC6A5F}.Release|Any CPU.ActiveCfg = Release|Any CPU
		{2023276D-35AC-4087-BD01-BEB958BC6A5F}.Release|Any CPU.Build.0 = Release|Any CPU
		{E2235FDB-A6F4-4556-A029-F30A90F393F5}.Debug|Any CPU.ActiveCfg = Debug|Any CPU
		{E2235FDB-A6F4-4556-A029-F30A90F393F5}.Debug|Any CPU.Build.0 = Debug|Any CPU
		{E2235FDB-A6F4-4556-A029-F30A90F393F5}.Release|Any CPU.ActiveCfg = Release|Any CPU
		{E2235FDB-A6F4-4556-A029-F30A90F393F5}.Release|Any CPU.Build.0 = Release|Any CPU
		{A17C5609-006A-49CF-BCE7-A5493D083473}.Debug|Any CPU.ActiveCfg = Debug|Any CPU
		{A17C5609-006A-49CF-BCE7-A5493D083473}.Debug|Any CPU.Build.0 = Debug|Any CPU
		{A17C5609-006A-49CF-BCE7-A5493D083473}.Release|Any CPU.ActiveCfg = Release|Any CPU
		{A17C5609-006A-49CF-BCE7-A5493D083473}.Release|Any CPU.Build.0 = Release|Any CPU
		{E0A67AB3-2B88-4F79-A343-B5D858199B32}.Debug|Any CPU.ActiveCfg = Debug|Any CPU
		{E0A67AB3-2B88-4F79-A343-B5D858199B32}.Debug|Any CPU.Build.0 = Debug|Any CPU
		{E0A67AB3-2B88-4F79-A343-B5D858199B32}.Release|Any CPU.ActiveCfg = Release|Any CPU
		{E0A67AB3-2B88-4F79-A343-B5D858199B32}.Release|Any CPU.Build.0 = Release|Any CPU
	EndGlobalSection
	GlobalSection(SolutionProperties) = preSolution
		HideSolutionNode = FALSE
	EndGlobalSection
	GlobalSection(ExtensibilityGlobals) = postSolution
		SolutionGuid = {79C4B5F3-6519-4A67-957A-24E9A01121B3}
	EndGlobalSection
EndGlobal
